
Microsoft Visual Studio Solution File, Format Version 12.00
# Visual Studio Version 16
VisualStudioVersion = 16.0.29728.190
MinimumVisualStudioVersion = 10.0.40219.1
Project("{FAE04EC0-301F-11D3-BF4B-00C04F79EFBC}") = "Rechenautomat.KonsolenApp", "Rechenautomat.KonsolenApp\Rechenautomat.KonsolenApp.csproj", "{E5D23188-1FB6-416C-B4F5-92FDFC88A5B2}"
EndProject
Project("{FAE04EC0-301F-11D3-BF4B-00C04F79EFBC}") = "Rechenautomat.Klassenbibliothek", "Rechenautomat.Klassenbibliothek\Rechenautomat.Klassenbibliothek.csproj", "{5526ADA8-5FBD-494A-934E-6FE2954F092B}"
EndProject
Project("{FAE04EC0-301F-11D3-BF4B-00C04F79EFBC}") = "Rechenautomat.WPF-App", "Rechenautomat.WPF-App\Rechenautomat.WPF-App.csproj", "{8E40EF9B-4967-4A7A-A777-96F2694DE303}"
EndProject
Global
	GlobalSection(SolutionConfigurationPlatforms) = preSolution
		Debug|Any CPU = Debug|Any CPU
		Release|Any CPU = Release|Any CPU
	EndGlobalSection
	GlobalSection(ProjectConfigurationPlatforms) = postSolution
		{E5D23188-1FB6-416C-B4F5-92FDFC88A5B2}.Debug|Any CPU.ActiveCfg = Debug|Any CPU
		{E5D23188-1FB6-416C-B4F5-92FDFC88A5B2}.Debug|Any CPU.Build.0 = Debug|Any CPU
		{E5D23188-1FB6-416C-B4F5-92FDFC88A5B2}.Release|Any CPU.ActiveCfg = Release|Any CPU
		{E5D23188-1FB6-416C-B4F5-92FDFC88A5B2}.Release|Any CPU.Build.0 = Release|Any CPU
		{5526ADA8-5FBD-494A-934E-6FE2954F092B}.Debug|Any CPU.ActiveCfg = Debug|Any CPU
		{5526ADA8-5FBD-494A-934E-6FE2954F092B}.Debug|Any CPU.Build.0 = Debug|Any CPU
		{5526ADA8-5FBD-494A-934E-6FE2954F092B}.Release|Any CPU.ActiveCfg = Release|Any CPU
		{5526ADA8-5FBD-494A-934E-6FE2954F092B}.Release|Any CPU.Build.0 = Release|Any CPU
		{8E40EF9B-4967-4A7A-A777-96F2694DE303}.Debug|Any CPU.ActiveCfg = Debug|Any CPU
		{8E40EF9B-4967-4A7A-A777-96F2694DE303}.Debug|Any CPU.Build.0 = Debug|Any CPU
		{8E40EF9B-4967-4A7A-A777-96F2694DE303}.Release|Any CPU.ActiveCfg = Release|Any CPU
		{8E40EF9B-4967-4A7A-A777-96F2694DE303}.Release|Any CPU.Build.0 = Release|Any CPU
	EndGlobalSection
	GlobalSection(SolutionProperties) = preSolution
		HideSolutionNode = FALSE
	EndGlobalSection
	GlobalSection(ExtensibilityGlobals) = postSolution
		SolutionGuid = {344D9F42-59EF-4854-9336-E876F73A5066}
	EndGlobalSection
EndGlobal
